
Microsoft Visual Studio Solution File, Format Version 12.00
# Visual Studio Version 17
VisualStudioVersion = 17.10.35013.160
MinimumVisualStudioVersion = 10.0.40219.1
Project("{9A19103F-16F7-4668-BE54-9A1E7A4F7556}") = "Core", "Core\Core.csproj", "{62C99FDC-8D35-4FF9-9DA7-304FB1C52679}"
EndProject
Project("{9A19103F-16F7-4668-BE54-9A1E7A4F7556}") = "Infrastructure", "Infrastructure\Infrastructure.csproj", "{F2DD7C08-101E-45C4-BDF7-F8F8C373D729}"
EndProject
Project("{9A19103F-16F7-4668-BE54-9A1E7A4F7556}") = "WebApi", "WebApi\WebApi.csproj", "{602CB3E0-2C28-4A8F-AB0E-33D57173947A}"
EndProject
Project("{9A19103F-16F7-4668-BE54-9A1E7A4F7556}") = "MvcWebClient", "MvcWebClient\MvcWebClient.csproj", "{DAA5BAB8-118B-4D15-9FDD-1961795A158B}"
EndProject
Project("{9A19103F-16F7-4668-BE54-9A1E7A4F7556}") = "Application", "Application\Application.csproj", "{A7F34F0D-2D8C-41FB-A46F-8D85064A592F}"
EndProject
Project("{2150E333-8FDC-42A3-9474-1A3956D46DE8}") = "Solution Items", "Solution Items", "{5FBA2597-A65E-433B-82F1-D0CC1A0B393E}"
	ProjectSection(SolutionItems) = preProject
		.gitignore = .gitignore
	EndProjectSection
EndProject
Global
	GlobalSection(SolutionConfigurationPlatforms) = preSolution
		Debug|Any CPU = Debug|Any CPU
		Release|Any CPU = Release|Any CPU
	EndGlobalSection
	GlobalSection(ProjectConfigurationPlatforms) = postSolution
		{62C99FDC-8D35-4FF9-9DA7-304FB1C52679}.Debug|Any CPU.ActiveCfg = Debug|Any CPU
		{62C99FDC-8D35-4FF9-9DA7-304FB1C52679}.Debug|Any CPU.Build.0 = Debug|Any CPU
		{62C99FDC-8D35-4FF9-9DA7-304FB1C52679}.Release|Any CPU.ActiveCfg = Release|Any CPU
		{62C99FDC-8D35-4FF9-9DA7-304FB1C52679}.Release|Any CPU.Build.0 = Release|Any CPU
		{F2DD7C08-101E-45C4-BDF7-F8F8C373D729}.Debug|Any CPU.ActiveCfg = Debug|Any CPU
		{F2DD7C08-101E-45C4-BDF7-F8F8C373D729}.Debug|Any CPU.Build.0 = Debug|Any CPU
		{F2DD7C08-101E-45C4-BDF7-F8F8C373D729}.Release|Any CPU.ActiveCfg = Release|Any CPU
		{F2DD7C08-101E-45C4-BDF7-F8F8C373D729}.Release|Any CPU.Build.0 = Release|Any CPU
		{602CB3E0-2C28-4A8F-AB0E-33D57173947A}.Debug|Any CPU.ActiveCfg = Debug|Any CPU
		{602CB3E0-2C28-4A8F-AB0E-33D57173947A}.Debug|Any CPU.Build.0 = Debug|Any CPU
		{602CB3E0-2C28-4A8F-AB0E-33D57173947A}.Release|Any CPU.ActiveCfg = Release|Any CPU
		{602CB3E0-2C28-4A8F-AB0E-33D57173947A}.Release|Any CPU.Build.0 = Release|Any CPU
		{DAA5BAB8-118B-4D15-9FDD-1961795A158B}.Debug|Any CPU.ActiveCfg = Debug|Any CPU
		{DAA5BAB8-118B-4D15-9FDD-1961795A158B}.Debug|Any CPU.Build.0 = Debug|Any CPU
		{DAA5BAB8-118B-4D15-9FDD-1961795A158B}.Release|Any CPU.ActiveCfg = Release|Any CPU
		{DAA5BAB8-118B-4D15-9FDD-1961795A158B}.Release|Any CPU.Build.0 = Release|Any CPU
		{A7F34F0D-2D8C-41FB-A46F-8D85064A592F}.Debug|Any CPU.ActiveCfg = Debug|Any CPU
		{A7F34F0D-2D8C-41FB-A46F-8D85064A592F}.Debug|Any CPU.Build.0 = Debug|Any CPU
		{A7F34F0D-2D8C-41FB-A46F-8D85064A592F}.Release|Any CPU.ActiveCfg = Release|Any CPU
		{A7F34F0D-2D8C-41FB-A46F-8D85064A592F}.Release|Any CPU.Build.0 = Release|Any CPU
	EndGlobalSection
	GlobalSection(SolutionProperties) = preSolution
		HideSolutionNode = FALSE
	EndGlobalSection
	GlobalSection(ExtensibilityGlobals) = postSolution
		SolutionGuid = {A91D91ED-24AA-4BD1-B83A-9F52704623E2}
	EndGlobalSection
EndGlobal
